
Microsoft Visual Studio Solution File, Format Version 12.00
# Visual Studio 14
VisualStudioVersion = 14.0.23107.0
MinimumVisualStudioVersion = 10.0.40219.1
Project("{FAE04EC0-301F-11D3-BF4B-00C04F79EFBC}") = "UDTDSK", "UDTDSK\UDTDSK.csproj", "{B836E753-060A-44B8-A188-5F0BB9CF3905}"
EndProject
Global
	GlobalSection(SolutionConfigurationPlatforms) = preSolution
		Debug|Any CPU = Debug|Any CPU
		Release|Any CPU = Release|Any CPU
	EndGlobalSection
	GlobalSection(ProjectConfigurationPlatforms) = postSolution
		{B836E753-060A-44B8-A188-5F0BB9CF3905}.Debug|Any CPU.ActiveCfg = Debug|Any CPU
		{B836E753-060A-44B8-A188-5F0BB9CF3905}.Debug|Any CPU.Build.0 = Debug|Any CPU
		{B836E753-060A-44B8-A188-5F0BB9CF3905}.Release|Any CPU.ActiveCfg = Release|Any CPU
		{B836E753-060A-44B8-A188-5F0BB9CF3905}.Release|Any CPU.Build.0 = Release|Any CPU
	EndGlobalSection
	GlobalSection(SolutionProperties) = preSolution
		HideSolutionNode = FALSE
	EndGlobalSection
EndGlobal
